// !$*UTF8*$!
{
	archiveVersion = 1;
	classes = {
	};
	objectVersion = 55;
	objects = {

/* Begin PBXBuildFile section */
		E44EA53F271E4D67005B03EC /* AppDelegate.swift in Sources */ = {isa = PBXBuildFile; fileRef = E44EA53E271E4D67005B03EC /* AppDelegate.swift */; };
		E44EA541271E4D67005B03EC /* SceneDelegate.swift in Sources */ = {isa = PBXBuildFile; fileRef = E44EA540271E4D67005B03EC /* SceneDelegate.swift */; };
		E44EA543271E4D67005B03EC /* ViewController.swift in Sources */ = {isa = PBXBuildFile; fileRef = E44EA542271E4D67005B03EC /* ViewController.swift */; };
		E44EA546271E4D67005B03EC /* Main.storyboard in Resources */ = {isa = PBXBuildFile; fileRef = E44EA544271E4D67005B03EC /* Main.storyboard */; };
		E44EA548271E4D6C005B03EC /* Assets.xcassets in Resources */ = {isa = PBXBuildFile; fileRef = E44EA547271E4D6C005B03EC /* Assets.xcassets */; };
		E44EA54B271E4D6C005B03EC /* LaunchScreen.storyboard in Resources */ = {isa = PBXBuildFile; fileRef = E44EA549271E4D6C005B03EC /* LaunchScreen.storyboard */; };
		E44EA554271E4FF7005B03EC /* Extensions.swift in Sources */ = {isa = PBXBuildFile; fileRef = E44EA553271E4FF7005B03EC /* Extensions.swift */; };
/* End PBXBuildFile section */

/* Begin PBXFileReference section */
		E44EA53B271E4D67005B03EC /* Desafio-MVVM-figma.app */ = {isa = PBXFileReference; explicitFileType = wrapper.application; includeInIndex = 0; path = "Desafio-MVVM-figma.app"; sourceTree = BUILT_PRODUCTS_DIR; };
		E44EA53E271E4D67005B03EC /* AppDelegate.swift */ = {isa = PBXFileReference; lastKnownFileType = sourcecode.swift; path = AppDelegate.swift; sourceTree = "<group>"; };
		E44EA540271E4D67005B03EC /* SceneDelegate.swift */ = {isa = PBXFileReference; lastKnownFileType = sourcecode.swift; path = SceneDelegate.swift; sourceTree = "<group>"; };
		E44EA542271E4D67005B03EC /* ViewController.swift */ = {isa = PBXFileReference; lastKnownFileType = sourcecode.swift; path = ViewController.swift; sourceTree = "<group>"; };
		E44EA545271E4D67005B03EC /* Base */ = {isa = PBXFileReference; lastKnownFileType = file.storyboard; name = Base; path = Base.lproj/Main.storyboard; sourceTree = "<group>"; };
		E44EA547271E4D6C005B03EC /* Assets.xcassets */ = {isa = PBXFileReference; lastKnownFileType = folder.assetcatalog; path = Assets.xcassets; sourceTree = "<group>"; };
		E44EA54A271E4D6C005B03EC /* Base */ = {isa = PBXFileReference; lastKnownFileType = file.storyboard; name = Base; path = Base.lproj/LaunchScreen.storyboard; sourceTree = "<group>"; };
		E44EA54C271E4D6C005B03EC /* Info.plist */ = {isa = PBXFileReference; lastKnownFileType = text.plist.xml; path = Info.plist; sourceTree = "<group>"; };
		E44EA553271E4FF7005B03EC /* Extensions.swift */ = {isa = PBXFileReference; fileEncoding = 4; lastKnownFileType = sourcecode.swift; path = Extensions.swift; sourceTree = "<group>"; };
/* End PBXFileReference section */

/* Begin PBXFrameworksBuildPhase section */
		E44EA538271E4D67005B03EC /* Frameworks */ = {
			isa = PBXFrameworksBuildPhase;
			buildActionMask = 2147483647;
			files = (
			);
			runOnlyForDeploymentPostprocessing = 0;
		};
/* End PBXFrameworksBuildPhase section */

/* Begin PBXGroup section */
		E44EA532271E4D67005B03EC = {
			isa = PBXGroup;
			children = (
				E44EA53D271E4D67005B03EC /* Desafio-MVVM-figma */,
				E44EA53C271E4D67005B03EC /* Products */,
			);
			sourceTree = "<group>";
		};
		E44EA53C271E4D67005B03EC /* Products */ = {
			isa = PBXGroup;
			children = (
				E44EA53B271E4D67005B03EC /* Desafio-MVVM-figma.app */,
			);
			name = Products;
			sourceTree = "<group>";
		};
		E44EA53D271E4D67005B03EC /* Desafio-MVVM-figma */ = {
			isa = PBXGroup;
			children = (
				E44EA552271E4F70005B03EC /* Utils */,
				E44EA53E271E4D67005B03EC /* AppDelegate.swift */,
				E44EA540271E4D67005B03EC /* SceneDelegate.swift */,
				E44EA542271E4D67005B03EC /* ViewController.swift */,
				E44EA544271E4D67005B03EC /* Main.storyboard */,
				E44EA547271E4D6C005B03EC /* Assets.xcassets */,
				E44EA549271E4D6C005B03EC /* LaunchScreen.storyboard */,
				E44EA54C271E4D6C005B03EC /* Info.plist */,
			);
			path = "Desafio-MVVM-figma";
			sourceTree = "<group>";
		};
		E44EA552271E4F70005B03EC /* Utils */ = {
			isa = PBXGroup;
			children = (
				E44EA553271E4FF7005B03EC /* Extensions.swift */,
			);
			path = Utils;
			sourceTree = "<group>";
		};
/* End PBXGroup section */

/* Begin PBXNativeTarget section */
		E44EA53A271E4D67005B03EC /* Desafio-MVVM-figma */ = {
			isa = PBXNativeTarget;
			buildConfigurationList = E44EA54F271E4D6C005B03EC /* Build configuration list for PBXNativeTarget "Desafio-MVVM-figma" */;
			buildPhases = (
				E44EA537271E4D67005B03EC /* Sources */,
				E44EA538271E4D67005B03EC /* Frameworks */,
				E44EA539271E4D67005B03EC /* Resources */,
			);
			buildRules = (
			);
			dependencies = (
			);
			name = "Desafio-MVVM-figma";
			productName = "Desafio-MVVM-figma";
			productReference = E44EA53B271E4D67005B03EC /* Desafio-MVVM-figma.app */;
			productType = "com.apple.product-type.application";
		};
/* End PBXNativeTarget section */

/* Begin PBXProject section */
		E44EA533271E4D67005B03EC /* Project object */ = {
			isa = PBXProject;
			attributes = {
				BuildIndependentTargetsInParallel = 1;
				LastSwiftUpdateCheck = 1300;
				LastUpgradeCheck = 1300;
				TargetAttributes = {
					E44EA53A271E4D67005B03EC = {
						CreatedOnToolsVersion = 13.0;
					};
				};
			};
			buildConfigurationList = E44EA536271E4D67005B03EC /* Build configuration list for PBXProject "Desafio-MVVM-figma" */;
			compatibilityVersion = "Xcode 13.0";
			developmentRegion = en;
			hasScannedForEncodings = 0;
			knownRegions = (
				en,
				Base,
			);
			mainGroup = E44EA532271E4D67005B03EC;
			productRefGroup = E44EA53C271E4D67005B03EC /* Products */;
			projectDirPath = "";
			projectRoot = "";
			targets = (
				E44EA53A271E4D67005B03EC /* Desafio-MVVM-figma */,
			);
		};
/* End PBXProject section */

/* Begin PBXResourcesBuildPhase section */
		E44EA539271E4D67005B03EC /* Resources */ = {
			isa = PBXResourcesBuildPhase;
			buildActionMask = 2147483647;
			files = (
				E44EA54B271E4D6C005B03EC /* LaunchScreen.storyboard in Resources */,
				E44EA548271E4D6C005B03EC /* Assets.xcassets in Resources */,
				E44EA546271E4D67005B03EC /* Main.storyboard in Resources */,
			);
			runOnlyForDeploymentPostprocessing = 0;
		};
/* End PBXResourcesBuildPhase section */

/* Begin PBXSourcesBuildPhase section */
		E44EA537271E4D67005B03EC /* Sources */ = {
			isa = PBXSourcesBuildPhase;
			buildActionMask = 2147483647;
			files = (
				E44EA543271E4D67005B03EC /* ViewController.swift in Sources */,
				E44EA53F271E4D67005B03EC /* AppDelegate.swift in Sources */,
				E44EA541271E4D67005B03EC /* SceneDelegate.swift in Sources */,
				E44EA554271E4FF7005B03EC /* Extensions.swift in Sources */,
			);
			runOnlyForDeploymentPostprocessing = 0;
		};
/* End PBXSourcesBuildPhase section */

/* Begin PBXVariantGroup section */
		E44EA544271E4D67005B03EC /* Main.storyboard */ = {
			isa = PBXVariantGroup;
			children = (
				E44EA545271E4D67005B03EC /* Base */,
			);
			name = Main.storyboard;
			sourceTree = "<group>";
		};
		E44EA549271E4D6C005B03EC /* LaunchScreen.storyboard */ = {
			isa = PBXVariantGroup;
			children = (
				E44EA54A271E4D6C005B03EC /* Base */,
			);
			name = LaunchScreen.storyboard;
			sourceTree = "<group>";
		};
/* End PBXVariantGroup section */

/* Begin XCBuildConfiguration section */
		E44EA54D271E4D6C005B03EC /* Debug */ = {
			isa = XCBuildConfiguration;
			buildSettings = {
				ALWAYS_SEARCH_USER_PATHS = NO;
				CLANG_ANALYZER_NONNULL = YES;
				CLANG_ANALYZER_NUMBER_OBJECT_CONVERSION = YES_AGGRESSIVE;
				CLANG_CXX_LANGUAGE_STANDARD = "gnu++17";
				CLANG_CXX_LIBRARY = "libc++";
				CLANG_ENABLE_MODULES = YES;
				CLANG_ENABLE_OBJC_ARC = YES;
				CLANG_ENABLE_OBJC_WEAK = YES;
				CLANG_WARN_BLOCK_CAPTURE_AUTORELEASING = YES;
				CLANG_WARN_BOOL_CONVERSION = YES;
				CLANG_WARN_COMMA = YES;
				CLANG_WARN_CONSTANT_CONVERSION = YES;
				CLANG_WARN_DEPRECATED_OBJC_IMPLEMENTATIONS = YES;
				CLANG_WARN_DIRECT_OBJC_ISA_USAGE = YES_ERROR;
				CLANG_WARN_DOCUMENTATION_COMMENTS = YES;
				CLANG_WARN_EMPTY_BODY = YES;
				CLANG_WARN_ENUM_CONVERSION = YES;
				CLANG_WARN_INFINITE_RECURSION = YES;
				CLANG_WARN_INT_CONVERSION = YES;
				CLANG_WARN_NON_LITERAL_NULL_CONVERSION = YES;
				CLANG_WARN_OBJC_IMPLICIT_RETAIN_SELF = YES;
				CLANG_WARN_OBJC_LITERAL_CONVERSION = YES;
				CLANG_WARN_OBJC_ROOT_CLASS = YES_ERROR;
				CLANG_WARN_QUOTED_INCLUDE_IN_FRAMEWORK_HEADER = YES;
				CLANG_WARN_RANGE_LOOP_ANALYSIS = YES;
				CLANG_WARN_STRICT_PROTOTYPES = YES;
				CLANG_WARN_SUSPICIOUS_MOVE = YES;
				CLANG_WARN_UNGUARDED_AVAILABILITY = YES_AGGRESSIVE;
				CLANG_WARN_UNREACHABLE_CODE = YES;
				CLANG_WARN__DUPLICATE_METHOD_MATCH = YES;
				COPY_PHASE_STRIP = NO;
				DEBUG_INFORMATION_FORMAT = dwarf;
				ENABLE_STRICT_OBJC_MSGSEND = YES;
				ENABLE_TESTABILITY = YES;
				GCC_C_LANGUAGE_STANDARD = gnu11;
				GCC_DYNAMIC_NO_PIC = NO;
				GCC_NO_COMMON_BLOCKS = YES;
				GCC_OPTIMIZATION_LEVEL = 0;
				GCC_PREPROCESSOR_DEFINITIONS = (
					"DEBUG=1",
					"$(inherited)",
				);
				GCC_WARN_64_TO_32_BIT_CONVERSION = YES;
				GCC_WARN_ABOUT_RETURN_TYPE = YES_ERROR;
				GCC_WARN_UNDECLARED_SELECTOR = YES;
				GCC_WARN_UNINITIALIZED_AUTOS = YES_AGGRESSIVE;
				GCC_WARN_UNUSED_FUNCTION = YES;
				GCC_WARN_UNUSED_VARIABLE = YES;
				IPHONEOS_DEPLOYMENT_TARGET = 15.0;
				MTL_ENABLE_DEBUG_INFO = INCLUDE_SOURCE;
				MTL_FAST_MATH = YES;
				ONLY_ACTIVE_ARCH = YES;
				SDKROOT = iphoneos;
				SWIFT_ACTIVE_COMPILATION_CONDITIONS = DEBUG;
				SWIFT_OPTIMIZATION_LEVEL = "-Onone";
			};
			name = Debug;
		};
		E44EA54E271E4D6C005B03EC /* Release */ = {
			isa = XCBuildConfiguration;
			buildSettings = {
				ALWAYS_SEARCH_USER_PATHS = NO;
				CLANG_ANALYZER_NONNULL = YES;
				CLANG_ANALYZER_NUMBER_OBJECT_CONVERSION = YES_AGGRESSIVE;
				CLANG_CXX_LANGUAGE_STANDARD = "gnu++17";
				CLANG_CXX_LIBRARY = "libc++";
				CLANG_ENABLE_MODULES = YES;
				CLANG_ENABLE_OBJC_ARC = YES;
				CLANG_ENABLE_OBJC_WEAK = YES;
				CLANG_WARN_BLOCK_CAPTURE_AUTORELEASING = YES;
				CLANG_WARN_BOOL_CONVERSION = YES;
				CLANG_WARN_COMMA = YES;
				CLANG_WARN_CONSTANT_CONVERSION = YES;
				CLANG_WARN_DEPRECATED_OBJC_IMPLEMENTATIONS = YES;
				CLANG_WARN_DIRECT_OBJC_ISA_USAGE = YES_ERROR;
				CLANG_WARN_DOCUMENTATION_COMMENTS = YES;
				CLANG_WARN_EMPTY_BODY = YES;
				CLANG_WARN_ENUM_CONVERSION = YES;
				CLANG_WARN_INFINITE_RECURSION = YES;
				CLANG_WARN_INT_CONVERSION = YES;
				CLANG_WARN_NON_LITERAL_NULL_CONVERSION = YES;
				CLANG_WARN_OBJC_IMPLICIT_RETAIN_SELF = YES;
				CLANG_WARN_OBJC_LITERAL_CONVERSION = YES;
				CLANG_WARN_OBJC_ROOT_CLASS = YES_ERROR;
				CLANG_WARN_QUOTED_INCLUDE_IN_FRAMEWORK_HEADER = YES;
				CLANG_WARN_RANGE_LOOP_ANALYSIS = YES;
				CLANG_WARN_STRICT_PROTOTYPES = YES;
				CLANG_WARN_SUSPICIOUS_MOVE = YES;
				CLANG_WARN_UNGUARDED_AVAILABILITY = YES_AGGRESSIVE;
				CLANG_WARN_UNREACHABLE_CODE = YES;
				CLANG_WARN__DUPLICATE_METHOD_MATCH = YES;
				COPY_PHASE_STRIP = NO;
				DEBUG_INFORMATION_FORMAT = "dwarf-with-dsym";
				ENABLE_NS_ASSERTIONS = NO;
				ENABLE_STRICT_OBJC_MSGSEND = YES;
				GCC_C_LANGUAGE_STANDARD = gnu11;
				GCC_NO_COMMON_BLOCKS = YES;
				GCC_WARN_64_TO_32_BIT_CONVERSION = YES;
				GCC_WARN_ABOUT_RETURN_TYPE = YES_ERROR;
				GCC_WARN_UNDECLARED_SELECTOR = YES;
				GCC_WARN_UNINITIALIZED_AUTOS = YES_AGGRESSIVE;
				GCC_WARN_UNUSED_FUNCTION = YES;
				GCC_WARN_UNUSED_VARIABLE = YES;
				IPHONEOS_DEPLOYMENT_TARGET = 15.0;
				MTL_ENABLE_DEBUG_INFO = NO;
				MTL_FAST_MATH = YES;
				SDKROOT = iphoneos;
				SWIFT_COMPILATION_MODE = wholemodule;
				SWIFT_OPTIMIZATION_LEVEL = "-O";
				VALIDATE_PRODUCT = YES;
			};
			name = Release;
		};
		E44EA550271E4D6C005B03EC /* Debug */ = {
			isa = XCBuildConfiguration;
			buildSettings = {
				ASSETCATALOG_COMPILER_APPICON_NAME = AppIcon;
				ASSETCATALOG_COMPILER_GLOBAL_ACCENT_COLOR_NAME = AccentColor;
				CODE_SIGN_STYLE = Automatic;
				CURRENT_PROJECT_VERSION = 1;
				DEVELOPMENT_TEAM = 8F2ZQTR4S6;
				GENERATE_INFOPLIST_FILE = YES;
				INFOPLIST_FILE = "Desafio-MVVM-figma/Info.plist";
				INFOPLIST_KEY_UIApplicationSupportsIndirectInputEvents = YES;
				INFOPLIST_KEY_UILaunchStoryboardName = LaunchScreen;
				INFOPLIST_KEY_UIMainStoryboardFile = Main;
				INFOPLIST_KEY_UISupportedInterfaceOrientations_iPad = "UIInterfaceOrientationPortrait UIInterfaceOrientationPortraitUpsideDown UIInterfaceOrientationLandscapeLeft UIInterfaceOrientationLandscapeRight";
				INFOPLIST_KEY_UISupportedInterfaceOrientations_iPhone = "UIInterfaceOrientationPortrait UIInterfaceOrientationLandscapeLeft UIInterfaceOrientationLandscapeRight";
				LD_RUNPATH_SEARCH_PATHS = (
					"$(inherited)",
					"@executable_path/Frameworks",
				);
				MARKETING_VERSION = 1.0;
				PRODUCT_BUNDLE_IDENTIFIER = "com.magnodantaas.Desafio-MVVM-figma";
				PRODUCT_NAME = "$(TARGET_NAME)";
				SWIFT_EMIT_LOC_STRINGS = YES;
				SWIFT_VERSION = 5.0;
				TARGETED_DEVICE_FAMILY = "1,2";
			};
			name = Debug;
		};
		E44EA551271E4D6C005B03EC /* Release */ = {
			isa = XCBuildConfiguration;
			buildSettings = {
				ASSETCATALOG_COMPILER_APPICON_NAME = AppIcon;
				ASSETCATALOG_COMPILER_GLOBAL_ACCENT_COLOR_NAME = AccentColor;
				CODE_SIGN_STYLE = Automatic;
				CURRENT_PROJECT_VERSION = 1;
				DEVELOPMENT_TEAM = 8F2ZQTR4S6;
				GENERATE_INFOPLIST_FILE = YES;
				INFOPLIST_FILE = "Desafio-MVVM-figma/Info.plist";
				INFOPLIST_KEY_UIApplicationSupportsIndirectInputEvents = YES;
				INFOPLIST_KEY_UILaunchStoryboardName = LaunchScreen;
				INFOPLIST_KEY_UIMainStoryboardFile = Main;
				INFOPLIST_KEY_UISupportedInterfaceOrientations_iPad = "UIInterfaceOrientationPortrait UIInterfaceOrientationPortraitUpsideDown UIInterfaceOrientationLandscapeLeft UIInterfaceOrientationLandscapeRight";
				INFOPLIST_KEY_UISupportedInterfaceOrientations_iPhone = "UIInterfaceOrientationPortrait UIInterfaceOrientationLandscapeLeft UIInterfaceOrientationLandscapeRight";
				LD_RUNPATH_SEARCH_PATHS = (
					"$(inherited)",
					"@executable_path/Frameworks",
				);
				MARKETING_VERSION = 1.0;
				PRODUCT_BUNDLE_IDENTIFIER = "com.magnodantaas.Desafio-MVVM-figma";
				PRODUCT_NAME = "$(TARGET_NAME)";
				SWIFT_EMIT_LOC_STRINGS = YES;
				SWIFT_VERSION = 5.0;
				TARGETED_DEVICE_FAMILY = "1,2";
			};
			name = Release;
		};
/* End XCBuildConfiguration section */

/* Begin XCConfigurationList section */
		E44EA536271E4D67005B03EC /* Build configuration list for PBXProject "Desafio-MVVM-figma" */ = {
			isa = XCConfigurationList;
			buildConfigurations = (
				E44EA54D271E4D6C005B03EC /* Debug */,
				E44EA54E271E4D6C005B03EC /* Release */,
			);
			defaultConfigurationIsVisible = 0;
			defaultConfigurationName = Release;
		};
		E44EA54F271E4D6C005B03EC /* Build configuration list for PBXNativeTarget "Desafio-MVVM-figma" */ = {
			isa = XCConfigurationList;
			buildConfigurations = (
				E44EA550271E4D6C005B03EC /* Debug */,
				E44EA551271E4D6C005B03EC /* Release */,
			);
			defaultConfigurationIsVisible = 0;
			defaultConfigurationName = Release;
		};
/* End XCConfigurationList section */
	};
	rootObject = E44EA533271E4D67005B03EC /* Project object */;
}
